
Microsoft Visual Studio Solution File, Format Version 12.00
# Visual Studio Version 17
VisualStudioVersion = 17.5.33627.172
MinimumVisualStudioVersion = 10.0.40219.1
Project("{FAE04EC0-301F-11D3-BF4B-00C04F79EFBC}") = "EmployeeManagement", "EmployeeManagement\EmployeeManagement.csproj", "{A8750A11-14C8-48A7-A9AB-C2883D1BD2CC}"
EndProject
Global
	GlobalSection(SolutionConfigurationPlatforms) = preSolution
		Debug|Any CPU = Debug|Any CPU
		Release|Any CPU = Release|Any CPU
	EndGlobalSection
	GlobalSection(ProjectConfigurationPlatforms) = postSolution
		{A8750A11-14C8-48A7-A9AB-C2883D1BD2CC}.Debug|Any CPU.ActiveCfg = Debug|Any CPU
		{A8750A11-14C8-48A7-A9AB-C2883D1BD2CC}.Debug|Any CPU.Build.0 = Debug|Any CPU
		{A8750A11-14C8-48A7-A9AB-C2883D1BD2CC}.Release|Any CPU.ActiveCfg = Release|Any CPU
		{A8750A11-14C8-48A7-A9AB-C2883D1BD2CC}.Release|Any CPU.Build.0 = Release|Any CPU
	EndGlobalSection
	GlobalSection(SolutionProperties) = preSolution
		HideSolutionNode = FALSE
	EndGlobalSection
	GlobalSection(ExtensibilityGlobals) = postSolution
		SolutionGuid = {BA3C7788-82FF-4222-814B-B7ABCBB3B63F}
	EndGlobalSection
EndGlobal
