
Microsoft Visual Studio Solution File, Format Version 12.00
# Visual Studio Version 17
VisualStudioVersion = 17.5.33627.172
MinimumVisualStudioVersion = 10.0.40219.1
Project("{FAE04EC0-301F-11D3-BF4B-00C04F79EFBC}") = "APIEndpoints", "APIEndpoints\APIEndpoints.csproj", "{D5AAA38E-F1B8-4AA2-B98B-B81C55D52244}"
EndProject
Global
	GlobalSection(SolutionConfigurationPlatforms) = preSolution
		Debug|Any CPU = Debug|Any CPU
		Release|Any CPU = Release|Any CPU
	EndGlobalSection
	GlobalSection(ProjectConfigurationPlatforms) = postSolution
		{D5AAA38E-F1B8-4AA2-B98B-B81C55D52244}.Debug|Any CPU.ActiveCfg = Debug|Any CPU
		{D5AAA38E-F1B8-4AA2-B98B-B81C55D52244}.Debug|Any CPU.Build.0 = Debug|Any CPU
		{D5AAA38E-F1B8-4AA2-B98B-B81C55D52244}.Release|Any CPU.ActiveCfg = Release|Any CPU
		{D5AAA38E-F1B8-4AA2-B98B-B81C55D52244}.Release|Any CPU.Build.0 = Release|Any CPU
	EndGlobalSection
	GlobalSection(SolutionProperties) = preSolution
		HideSolutionNode = FALSE
	EndGlobalSection
	GlobalSection(ExtensibilityGlobals) = postSolution
		SolutionGuid = {94183027-F375-4663-AF73-0D4DCBFD4545}
	EndGlobalSection
EndGlobal
